
Microsoft Visual Studio Solution File, Format Version 12.00
# Visual Studio Version 16
VisualStudioVersion = 16.0.28803.202
MinimumVisualStudioVersion = 10.0.40219.1
Project("{FAE04EC0-301F-11D3-BF4B-00C04F79EFBC}") = "GusApplication", "GusApplication\GusApplication.csproj", "{6CF99B1B-75DF-4D31-A4CC-F82A7ACD1A80}"
EndProject
Global
	GlobalSection(SolutionConfigurationPlatforms) = preSolution
		Debug|Any CPU = Debug|Any CPU
		Release|Any CPU = Release|Any CPU
	EndGlobalSection
	GlobalSection(ProjectConfigurationPlatforms) = postSolution
		{6CF99B1B-75DF-4D31-A4CC-F82A7ACD1A80}.Debug|Any CPU.ActiveCfg = Debug|Any CPU
		{6CF99B1B-75DF-4D31-A4CC-F82A7ACD1A80}.Debug|Any CPU.Build.0 = Debug|Any CPU
		{6CF99B1B-75DF-4D31-A4CC-F82A7ACD1A80}.Release|Any CPU.ActiveCfg = Release|Any CPU
		{6CF99B1B-75DF-4D31-A4CC-F82A7ACD1A80}.Release|Any CPU.Build.0 = Release|Any CPU
	EndGlobalSection
	GlobalSection(SolutionProperties) = preSolution
		HideSolutionNode = FALSE
	EndGlobalSection
	GlobalSection(ExtensibilityGlobals) = postSolution
		SolutionGuid = {7C14ACAB-1250-4CE0-8BF2-7ECA75CE669D}
	EndGlobalSection
EndGlobal
